Microsoft Visual Studio Solution File, Format Version 12.00
# Visual Studio Version 17
VisualStudioVersion = 17.5.2.0
MinimumVisualStudioVersion = 10.0.40219.1
Project("{FAE04EC0-301F-11D3-BF4B-00C04F79EFBC}") = "AssessmentTask", "AssessmentTask.csproj", "{AF9F5511-9FD4-CA06-8B20-54ABAD081E1B}"
EndProject
Global
	GlobalSection(SolutionConfigurationPlatforms) = preSolution
		Debug|Any CPU = Debug|Any CPU
		Release|Any CPU = Release|Any CPU
	EndGlobalSection
	GlobalSection(ProjectConfigurationPlatforms) = postSolution
		{AF9F5511-9FD4-CA06-8B20-54ABAD081E1B}.Debug|Any CPU.ActiveCfg = Debug|Any CPU
		{AF9F5511-9FD4-CA06-8B20-54ABAD081E1B}.Debug|Any CPU.Build.0 = Debug|Any CPU
		{AF9F5511-9FD4-CA06-8B20-54ABAD081E1B}.Release|Any CPU.ActiveCfg = Release|Any CPU
		{AF9F5511-9FD4-CA06-8B20-54ABAD081E1B}.Release|Any CPU.Build.0 = Release|Any CPU
	EndGlobalSection
	GlobalSection(SolutionProperties) = preSolution
		HideSolutionNode = FALSE
	EndGlobalSection
	GlobalSection(ExtensibilityGlobals) = postSolution
		SolutionGuid = {4A6FE986-EAC7-4F9D-A155-350D9150C1A6}
	EndGlobalSection
EndGlobal
