Microsoft Visual Studio Solution File, Format Version 12.00
# Visual Studio Version 17
VisualStudioVersion = 17.5.2.0
MinimumVisualStudioVersion = 10.0.40219.1
Project("{FAE04EC0-301F-11D3-BF4B-00C04F79EFBC}") = "StudentMarksRecordSystem", "StudentMarksRecordSystem.csproj", "{B57B8CA6-46E4-61F3-E343-5182980C636D}"
EndProject
Global
	GlobalSection(SolutionConfigurationPlatforms) = preSolution
		Debug|Any CPU = Debug|Any CPU
		Release|Any CPU = Release|Any CPU
	EndGlobalSection
	GlobalSection(ProjectConfigurationPlatforms) = postSolution
		{B57B8CA6-46E4-61F3-E343-5182980C636D}.Debug|Any CPU.ActiveCfg = Debug|Any CPU
		{B57B8CA6-46E4-61F3-E343-5182980C636D}.Debug|Any CPU.Build.0 = Debug|Any CPU
		{B57B8CA6-46E4-61F3-E343-5182980C636D}.Release|Any CPU.ActiveCfg = Release|Any CPU
		{B57B8CA6-46E4-61F3-E343-5182980C636D}.Release|Any CPU.Build.0 = Release|Any CPU
	EndGlobalSection
	GlobalSection(SolutionProperties) = preSolution
		HideSolutionNode = FALSE
	EndGlobalSection
	GlobalSection(ExtensibilityGlobals) = postSolution
		SolutionGuid = {39175EA6-E960-4ADD-8C54-660FD327ACBB}
	EndGlobalSection
EndGlobal
