Microsoft Visual Studio Solution File, Format Version 12.00
# Visual Studio Version 17
VisualStudioVersion = 17.5.2.0
MinimumVisualStudioVersion = 10.0.40219.1
Project("{FAE04EC0-301F-11D3-BF4B-00C04F79EFBC}") = "GenericSwapUtility", "GenericSwapUtility.csproj", "{A11116D6-9A42-F9C9-427A-FDFE3D484BA6}"
EndProject
Global
	GlobalSection(SolutionConfigurationPlatforms) = preSolution
		Debug|Any CPU = Debug|Any CPU
		Release|Any CPU = Release|Any CPU
	EndGlobalSection
	GlobalSection(ProjectConfigurationPlatforms) = postSolution
		{A11116D6-9A42-F9C9-427A-FDFE3D484BA6}.Debug|Any CPU.ActiveCfg = Debug|Any CPU
		{A11116D6-9A42-F9C9-427A-FDFE3D484BA6}.Debug|Any CPU.Build.0 = Debug|Any CPU
		{A11116D6-9A42-F9C9-427A-FDFE3D484BA6}.Release|Any CPU.ActiveCfg = Release|Any CPU
		{A11116D6-9A42-F9C9-427A-FDFE3D484BA6}.Release|Any CPU.Build.0 = Release|Any CPU
	EndGlobalSection
	GlobalSection(SolutionProperties) = preSolution
		HideSolutionNode = FALSE
	EndGlobalSection
	GlobalSection(ExtensibilityGlobals) = postSolution
		SolutionGuid = {FC7E12E5-2B17-4C54-B475-6EFE111B8063}
	EndGlobalSection
EndGlobal
