Microsoft Visual Studio Solution File, Format Version 12.00
# Visual Studio Version 17
VisualStudioVersion = 17.5.2.0
MinimumVisualStudioVersion = 10.0.40219.1
Project("{FAE04EC0-301F-11D3-BF4B-00C04F79EFBC}") = "ConstructionEstimate", "ConstructionEstimate.csproj", "{2D75D62E-141F-C72F-EAC7-D68F96A467FB}"
EndProject
Global
	GlobalSection(SolutionConfigurationPlatforms) = preSolution
		Debug|Any CPU = Debug|Any CPU
		Release|Any CPU = Release|Any CPU
	EndGlobalSection
	GlobalSection(ProjectConfigurationPlatforms) = postSolution
		{2D75D62E-141F-C72F-EAC7-D68F96A467FB}.Debug|Any CPU.ActiveCfg = Debug|Any CPU
		{2D75D62E-141F-C72F-EAC7-D68F96A467FB}.Debug|Any CPU.Build.0 = Debug|Any CPU
		{2D75D62E-141F-C72F-EAC7-D68F96A467FB}.Release|Any CPU.ActiveCfg = Release|Any CPU
		{2D75D62E-141F-C72F-EAC7-D68F96A467FB}.Release|Any CPU.Build.0 = Release|Any CPU
	EndGlobalSection
	GlobalSection(SolutionProperties) = preSolution
		HideSolutionNode = FALSE
	EndGlobalSection
	GlobalSection(ExtensibilityGlobals) = postSolution
		SolutionGuid = {29A4EE48-4FAB-4C27-AB21-47CC0D35FE81}
	EndGlobalSection
EndGlobal
